{
  "requires": true,
  "lockfileVersion": 1,
  "dependencies": {
    "vuetify": {
      "version": "2.6.2",
      "resolved": "https://registry.npmjs.org/vuetify/-/vuetify-2.6.2.tgz",
      "integrity": "sha512-nx3uZkO8MZNMshUEh1xKaQ1hQYepNwWFn3FVxKt+XBVf7ZFscd0GS/a3KZo4B3baXQmziCQAZKNIQF5IWeaIUw=="
    }
  }
}
